
Microsoft Visual Studio Solution File, Format Version 12.00
# Visual Studio Version 16
VisualStudioVersion = 16.0.33214.272
MinimumVisualStudioVersion = 10.0.40219.1
Project("{FAE04EC0-301F-11D3-BF4B-00C04F79EFBC}") = "WebShopDemo", "WebShopDemo\WebShopDemo.csproj", "{5A0DED2C-18C8-4CB0-B866-97709E7D9DCB}"
EndProject
Global
	GlobalSection(SolutionConfigurationPlatforms) = preSolution
		Debug|Any CPU = Debug|Any CPU
		Release|Any CPU = Release|Any CPU
	EndGlobalSection
	GlobalSection(ProjectConfigurationPlatforms) = postSolution
		{5A0DED2C-18C8-4CB0-B866-97709E7D9DCB}.Debug|Any CPU.ActiveCfg = Debug|Any CPU
		{5A0DED2C-18C8-4CB0-B866-97709E7D9DCB}.Debug|Any CPU.Build.0 = Debug|Any CPU
		{5A0DED2C-18C8-4CB0-B866-97709E7D9DCB}.Release|Any CPU.ActiveCfg = Release|Any CPU
		{5A0DED2C-18C8-4CB0-B866-97709E7D9DCB}.Release|Any CPU.Build.0 = Release|Any CPU
	EndGlobalSection
	GlobalSection(SolutionProperties) = preSolution
		HideSolutionNode = FALSE
	EndGlobalSection
	GlobalSection(ExtensibilityGlobals) = postSolution
		SolutionGuid = {645AA963-8616-4AD4-A0B8-38D0851583C5}
	EndGlobalSection
EndGlobal
